
Microsoft Visual Studio Solution File, Format Version 12.00
# Visual Studio 15
VisualStudioVersion = 15.0.27130.2027
MinimumVisualStudioVersion = 10.0.40219.1
Project("{FAE04EC0-301F-11D3-BF4B-00C04F79EFBC}") = "TimeMeasure.Android", "TimeMeasure\TimeMeasure.Android\TimeMeasure.Android.csproj", "{C481B06D-02E0-48F8-88C5-C80F04C89CFE}"
EndProject
Project("{FAE04EC0-301F-11D3-BF4B-00C04F79EFBC}") = "TimeMeasure.iOS", "TimeMeasure\TimeMeasure.iOS\TimeMeasure.iOS.csproj", "{A7462378-8C6E-4E62-8124-9C61D2599464}"
EndProject
Project("{FAE04EC0-301F-11D3-BF4B-00C04F79EFBC}") = "TimeMeasure.UWP", "TimeMeasure\TimeMeasure.UWP\TimeMeasure.UWP.csproj", "{BDDEAD2D-9821-43DD-B1CF-8D47E1FCC761}"
EndProject
Project("{FAE04EC0-301F-11D3-BF4B-00C04F79EFBC}") = "TimeMeasure", "TimeMeasure\TimeMeasure\TimeMeasure.csproj", "{86BE5CB1-561A-419E-9AED-C4A4B09A6082}"
EndProject
Global
	GlobalSection(SolutionConfigurationPlatforms) = preSolution
		Ad-Hoc|Any CPU = Ad-Hoc|Any CPU
		Ad-Hoc|ARM = Ad-Hoc|ARM
		Ad-Hoc|iPhone = Ad-Hoc|iPhone
		Ad-Hoc|iPhoneSimulator = Ad-Hoc|iPhoneSimulator
		Ad-Hoc|x64 = Ad-Hoc|x64
		Ad-Hoc|x86 = Ad-Hoc|x86
		AppStore|Any CPU = AppStore|Any CPU
		AppStore|ARM = AppStore|ARM
		AppStore|iPhone = AppStore|iPhone
		AppStore|iPhoneSimulator = AppStore|iPhoneSimulator
		AppStore|x64 = AppStore|x64
		AppStore|x86 = AppStore|x86
		Debug|Any CPU = Debug|Any CPU
		Debug|ARM = Debug|ARM
		Debug|iPhone = Debug|iPhone
		Debug|iPhoneSimulator = Debug|iPhoneSimulator
		Debug|x64 = Debug|x64
		Debug|x86 = Debug|x86
		Release|Any CPU = Release|Any CPU
		Release|ARM = Release|ARM
		Release|iPhone = Release|iPhone
		Release|iPhoneSimulator = Release|iPhoneSimulator
		Release|x64 = Release|x64
		Release|x86 = Release|x86
	EndGlobalSection
	GlobalSection(ProjectConfigurationPlatforms) = postSolution
		{C481B06D-02E0-48F8-88C5-C80F04C89CFE}.Ad-Hoc|Any CPU.ActiveCfg = Release|Any CPU
		{C481B06D-02E0-48F8-88C5-C80F04C89CFE}.Ad-Hoc|Any CPU.Build.0 = Release|Any CPU
		{C481B06D-02E0-48F8-88C5-C80F04C89CFE}.Ad-Hoc|Any CPU.Deploy.0 = Release|Any CPU
		{C481B06D-02E0-48F8-88C5-C80F04C89CFE}.Ad-Hoc|ARM.ActiveCfg = Release|Any CPU
		{C481B06D-02E0-48F8-88C5-C80F04C89CFE}.Ad-Hoc|ARM.Build.0 = Release|Any CPU
		{C481B06D-02E0-48F8-88C5-C80F04C89CFE}.Ad-Hoc|ARM.Deploy.0 = Release|Any CPU
		{C481B06D-02E0-48F8-88C5-C80F04C89CFE}.Ad-Hoc|iPhone.ActiveCfg = Release|Any CPU
		{C481B06D-02E0-48F8-88C5-C80F04C89CFE}.Ad-Hoc|iPhone.Build.0 = Release|Any CPU
		{C481B06D-02E0-48F8-88C5-C80F04C89CFE}.Ad-Hoc|iPhone.Deploy.0 = Release|Any CPU
		{C481B06D-02E0-48F8-88C5-C80F04C89CFE}.Ad-Hoc|iPhoneSimulator.ActiveCfg = Release|Any CPU
		{C481B06D-02E0-48F8-88C5-C80F04C89CFE}.Ad-Hoc|iPhoneSimulator.Build.0 = Release|Any CPU
		{C481B06D-02E0-48F8-88C5-C80F04C89CFE}.Ad-Hoc|iPhoneSimulator.Deploy.0 = Release|Any CPU
		{C481B06D-02E0-48F8-88C5-C80F04C89CFE}.Ad-Hoc|x64.ActiveCfg = Release|Any CPU
		{C481B06D-02E0-48F8-88C5-C80F04C89CFE}.Ad-Hoc|x64.Build.0 = Release|Any CPU
		{C481B06D-02E0-48F8-88C5-C80F04C89CFE}.Ad-Hoc|x64.Deploy.0 = Release|Any CPU
		{C481B06D-02E0-48F8-88C5-C80F04C89CFE}.Ad-Hoc|x86.ActiveCfg = Release|Any CPU
		{C481B06D-02E0-48F8-88C5-C80F04C89CFE}.Ad-Hoc|x86.Build.0 = Release|Any CPU
		{C481B06D-02E0-48F8-88C5-C80F04C89CFE}.Ad-Hoc|x86.Deploy.0 = Release|Any CPU
		{C481B06D-02E0-48F8-88C5-C80F04C89CFE}.AppStore|Any CPU.ActiveCfg = Release|Any CPU
		{C481B06D-02E0-48F8-88C5-C80F04C89CFE}.AppStore|Any CPU.Build.0 = Release|Any CPU
		{C481B06D-02E0-48F8-88C5-C80F04C89CFE}.AppStore|Any CPU.Deploy.0 = Release|Any CPU
		{C481B06D-02E0-48F8-88C5-C80F04C89CFE}.AppStore|ARM.ActiveCfg = Release|Any CPU
		{C481B06D-02E0-48F8-88C5-C80F04C89CFE}.AppStore|ARM.Build.0 = Release|Any CPU
		{C481B06D-02E0-48F8-88C5-C80F04C89CFE}.AppStore|ARM.Deploy.0 = Release|Any CPU
		{C481B06D-02E0-48F8-88C5-C80F04C89CFE}.AppStore|iPhone.ActiveCfg = Release|Any CPU
		{C481B06D-02E0-48F8-88C5-C80F04C89CFE}.AppStore|iPhone.Build.0 = Release|Any CPU
		{C481B06D-02E0-48F8-88C5-C80F04C89CFE}.AppStore|iPhone.Deploy.0 = Release|Any CPU
		{C481B06D-02E0-48F8-88C5-C80F04C89CFE}.AppStore|iPhoneSimulator.ActiveCfg = Release|Any CPU
		{C481B06D-02E0-48F8-88C5-C80F04C89CFE}.AppStore|iPhoneSimulator.Build.0 = Release|Any CPU
		{C481B06D-02E0-48F8-88C5-C80F04C89CFE}.AppStore|iPhoneSimulator.Deploy.0 = Release|Any CPU
		{C481B06D-02E0-48F8-88C5-C80F04C89CFE}.AppStore|x64.ActiveCfg = Release|Any CPU
		{C481B06D-02E0-48F8-88C5-C80F04C89CFE}.AppStore|x64.Build.0 = Release|Any CPU
		{C481B06D-02E0-48F8-88C5-C80F04C89CFE}.AppStore|x64.Deploy.0 = Release|Any CPU
		{C481B06D-02E0-48F8-88C5-C80F04C89CFE}.AppStore|x86.ActiveCfg = Release|Any CPU
		{C481B06D-02E0-48F8-88C5-C80F04C89CFE}.AppStore|x86.Build.0 = Release|Any CPU
		{C481B06D-02E0-48F8-88C5-C80F04C89CFE}.AppStore|x86.Deploy.0 = Release|Any CPU
		{C481B06D-02E0-48F8-88C5-C80F04C89CFE}.Debug|Any CPU.ActiveCfg = Debug|Any CPU
		{C481B06D-02E0-48F8-88C5-C80F04C89CFE}.Debug|Any CPU.Build.0 = Debug|Any CPU
		{C481B06D-02E0-48F8-88C5-C80F04C89CFE}.Debug|Any CPU.Deploy.0 = Debug|Any CPU
		{C481B06D-02E0-48F8-88C5-C80F04C89CFE}.Debug|ARM.ActiveCfg = Debug|Any CPU
		{C481B06D-02E0-48F8-88C5-C80F04C89CFE}.Debug|ARM.Build.0 = Debug|Any CPU
		{C481B06D-02E0-48F8-88C5-C80F04C89CFE}.Debug|ARM.Deploy.0 = Debug|Any CPU
		{C481B06D-02E0-48F8-88C5-C80F04C89CFE}.Debug|iPhone.ActiveCfg = Debug|Any CPU
		{C481B06D-02E0-48F8-88C5-C80F04C89CFE}.Debug|iPhone.Build.0 = Debug|Any CPU
		{C481B06D-02E0-48F8-88C5-C80F04C89CFE}.Debug|iPhone.Deploy.0 = Debug|Any CPU
		{C481B06D-02E0-48F8-88C5-C80F04C89CFE}.Debug|iPhoneSimulator.ActiveCfg = Debug|Any CPU
		{C481B06D-02E0-48F8-88C5-C80F04C89CFE}.Debug|iPhoneSimulator.Build.0 = Debug|Any CPU
		{C481B06D-02E0-48F8-88C5-C80F04C89CFE}.Debug|iPhoneSimulator.Deploy.0 = Debug|Any CPU
		{C481B06D-02E0-48F8-88C5-C80F04C89CFE}.Debug|x64.ActiveCfg = Debug|Any CPU
		{C481B06D-02E0-48F8-88C5-C80F04C89CFE}.Debug|x64.Build.0 = Debug|Any CPU
		{C481B06D-02E0-48F8-88C5-C80F04C89CFE}.Debug|x64.Deploy.0 = Debug|Any CPU
		{C481B06D-02E0-48F8-88C5-C80F04C89CFE}.Debug|x86.ActiveCfg = Debug|Any CPU
		{C481B06D-02E0-48F8-88C5-C80F04C89CFE}.Debug|x86.Build.0 = Debug|Any CPU
		{C481B06D-02E0-48F8-88C5-C80F04C89CFE}.Debug|x86.Deploy.0 = Debug|Any CPU
		{C481B06D-02E0-48F8-88C5-C80F04C89CFE}.Release|Any CPU.ActiveCfg = Release|Any CPU
		{C481B06D-02E0-48F8-88C5-C80F04C89CFE}.Release|Any CPU.Build.0 = Release|Any CPU
		{C481B06D-02E0-48F8-88C5-C80F04C89CFE}.Release|Any CPU.Deploy.0 = Release|Any CPU
		{C481B06D-02E0-48F8-88C5-C80F04C89CFE}.Release|ARM.ActiveCfg = Release|Any CPU
		{C481B06D-02E0-48F8-88C5-C80F04C89CFE}.Release|ARM.Build.0 = Release|Any CPU
		{C481B06D-02E0-48F8-88C5-C80F04C89CFE}.Release|ARM.Deploy.0 = Release|Any CPU
		{C481B06D-02E0-48F8-88C5-C80F04C89CFE}.Release|iPhone.ActiveCfg = Release|Any CPU
		{C481B06D-02E0-48F8-88C5-C80F04C89CFE}.Release|iPhone.Build.0 = Release|Any CPU
		{C481B06D-02E0-48F8-88C5-C80F04C89CFE}.Release|iPhone.Deploy.0 = Release|Any CPU
		{C481B06D-02E0-48F8-88C5-C80F04C89CFE}.Release|iPhoneSimulator.ActiveCfg = Release|Any CPU
		{C481B06D-02E0-48F8-88C5-C80F04C89CFE}.Release|iPhoneSimulator.Build.0 = Release|Any CPU
		{C481B06D-02E0-48F8-88C5-C80F04C89CFE}.Release|iPhoneSimulator.Deploy.0 = Release|Any CPU
		{C481B06D-02E0-48F8-88C5-C80F04C89CFE}.Release|x64.ActiveCfg = Release|Any CPU
		{C481B06D-02E0-48F8-88C5-C80F04C89CFE}.Release|x64.Build.0 = Release|Any CPU
		{C481B06D-02E0-48F8-88C5-C80F04C89CFE}.Release|x64.Deploy.0 = Release|Any CPU
		{C481B06D-02E0-48F8-88C5-C80F04C89CFE}.Release|x86.ActiveCfg = Release|Any CPU
		{C481B06D-02E0-48F8-88C5-C80F04C89CFE}.Release|x86.Build.0 = Release|Any CPU
		{C481B06D-02E0-48F8-88C5-C80F04C89CFE}.Release|x86.Deploy.0 = Release|Any CPU
		{A7462378-8C6E-4E62-8124-9C61D2599464}.Ad-Hoc|Any CPU.ActiveCfg = Ad-Hoc|iPhone
		{A7462378-8C6E-4E62-8124-9C61D2599464}.Ad-Hoc|ARM.ActiveCfg = Ad-Hoc|iPhone
		{A7462378-8C6E-4E62-8124-9C61D2599464}.Ad-Hoc|iPhone.ActiveCfg = Ad-Hoc|iPhone
		{A7462378-8C6E-4E62-8124-9C61D2599464}.Ad-Hoc|iPhone.Build.0 = Ad-Hoc|iPhone
		{A7462378-8C6E-4E62-8124-9C61D2599464}.Ad-Hoc|iPhoneSimulator.ActiveCfg = Ad-Hoc|iPhoneSimulator
		{A7462378-8C6E-4E62-8124-9C61D2599464}.Ad-Hoc|iPhoneSimulator.Build.0 = Ad-Hoc|iPhoneSimulator
		{A7462378-8C6E-4E62-8124-9C61D2599464}.Ad-Hoc|x64.ActiveCfg = Ad-Hoc|iPhone
		{A7462378-8C6E-4E62-8124-9C61D2599464}.Ad-Hoc|x86.ActiveCfg = Ad-Hoc|iPhone
		{A7462378-8C6E-4E62-8124-9C61D2599464}.AppStore|Any CPU.ActiveCfg = AppStore|iPhone
		{A7462378-8C6E-4E62-8124-9C61D2599464}.AppStore|ARM.ActiveCfg = AppStore|iPhone
		{A7462378-8C6E-4E62-8124-9C61D2599464}.AppStore|iPhone.ActiveCfg = AppStore|iPhone
		{A7462378-8C6E-4E62-8124-9C61D2599464}.AppStore|iPhone.Build.0 = AppStore|iPhone
		{A7462378-8C6E-4E62-8124-9C61D2599464}.AppStore|iPhoneSimulator.ActiveCfg = AppStore|iPhoneSimulator
		{A7462378-8C6E-4E62-8124-9C61D2599464}.AppStore|iPhoneSimulator.Build.0 = AppStore|iPhoneSimulator
		{A7462378-8C6E-4E62-8124-9C61D2599464}.AppStore|x64.ActiveCfg = AppStore|iPhone
		{A7462378-8C6E-4E62-8124-9C61D2599464}.AppStore|x86.ActiveCfg = AppStore|iPhone
		{A7462378-8C6E-4E62-8124-9C61D2599464}.Debug|Any CPU.ActiveCfg = Debug|iPhone
		{A7462378-8C6E-4E62-8124-9C61D2599464}.Debug|ARM.ActiveCfg = Debug|iPhone
		{A7462378-8C6E-4E62-8124-9C61D2599464}.Debug|iPhone.ActiveCfg = Debug|iPhone
		{A7462378-8C6E-4E62-8124-9C61D2599464}.Debug|iPhone.Build.0 = Debug|iPhone
		{A7462378-8C6E-4E62-8124-9C61D2599464}.Debug|iPhoneSimulator.ActiveCfg = Debug|iPhoneSimulator
		{A7462378-8C6E-4E62-8124-9C61D2599464}.Debug|iPhoneSimulator.Build.0 = Debug|iPhoneSimulator
		{A7462378-8C6E-4E62-8124-9C61D2599464}.Debug|x64.ActiveCfg = Debug|iPhone
		{A7462378-8C6E-4E62-8124-9C61D2599464}.Debug|x86.ActiveCfg = Debug|iPhone
		{A7462378-8C6E-4E62-8124-9C61D2599464}.Release|Any CPU.ActiveCfg = Release|iPhone
		{A7462378-8C6E-4E62-8124-9C61D2599464}.Release|ARM.ActiveCfg = Release|iPhone
		{A7462378-8C6E-4E62-8124-9C61D2599464}.Release|iPhone.ActiveCfg = Release|iPhone
		{A7462378-8C6E-4E62-8124-9C61D2599464}.Release|iPhone.Build.0 = Release|iPhone
		{A7462378-8C6E-4E62-8124-9C61D2599464}.Release|iPhoneSimulator.ActiveCfg = Release|iPhoneSimulator
		{A7462378-8C6E-4E62-8124-9C61D2599464}.Release|iPhoneSimulator.Build.0 = Release|iPhoneSimulator
		{A7462378-8C6E-4E62-8124-9C61D2599464}.Release|x64.ActiveCfg = Release|iPhone
		{A7462378-8C6E-4E62-8124-9C61D2599464}.Release|x86.ActiveCfg = Release|iPhone
		{BDDEAD2D-9821-43DD-B1CF-8D47E1FCC761}.Ad-Hoc|Any CPU.ActiveCfg = Release|x86
		{BDDEAD2D-9821-43DD-B1CF-8D47E1FCC761}.Ad-Hoc|Any CPU.Build.0 = Release|x86
		{BDDEAD2D-9821-43DD-B1CF-8D47E1FCC761}.Ad-Hoc|Any CPU.Deploy.0 = Release|x86
		{BDDEAD2D-9821-43DD-B1CF-8D47E1FCC761}.Ad-Hoc|ARM.ActiveCfg = Release|ARM
		{BDDEAD2D-9821-43DD-B1CF-8D47E1FCC761}.Ad-Hoc|ARM.Build.0 = Release|ARM
		{BDDEAD2D-9821-43DD-B1CF-8D47E1FCC761}.Ad-Hoc|ARM.Deploy.0 = Release|ARM
		{BDDEAD2D-9821-43DD-B1CF-8D47E1FCC761}.Ad-Hoc|iPhone.ActiveCfg = Release|x86
		{BDDEAD2D-9821-43DD-B1CF-8D47E1FCC761}.Ad-Hoc|iPhone.Build.0 = Release|x86
		{BDDEAD2D-9821-43DD-B1CF-8D47E1FCC761}.Ad-Hoc|iPhone.Deploy.0 = Release|x86
		{BDDEAD2D-9821-43DD-B1CF-8D47E1FCC761}.Ad-Hoc|iPhoneSimulator.ActiveCfg = Release|x86
		{BDDEAD2D-9821-43DD-B1CF-8D47E1FCC761}.Ad-Hoc|iPhoneSimulator.Build.0 = Release|x86
		{BDDEAD2D-9821-43DD-B1CF-8D47E1FCC761}.Ad-Hoc|iPhoneSimulator.Deploy.0 = Release|x86
		{BDDEAD2D-9821-43DD-B1CF-8D47E1FCC761}.Ad-Hoc|x64.ActiveCfg = Release|x64
		{BDDEAD2D-9821-43DD-B1CF-8D47E1FCC761}.Ad-Hoc|x64.Build.0 = Release|x64
		{BDDEAD2D-9821-43DD-B1CF-8D47E1FCC761}.Ad-Hoc|x64.Deploy.0 = Release|x64
		{BDDEAD2D-9821-43DD-B1CF-8D47E1FCC761}.Ad-Hoc|x86.ActiveCfg = Release|x86
		{BDDEAD2D-9821-43DD-B1CF-8D47E1FCC761}.Ad-Hoc|x86.Build.0 = Release|x86
		{BDDEAD2D-9821-43DD-B1CF-8D47E1FCC761}.Ad-Hoc|x86.Deploy.0 = Release|x86
		{BDDEAD2D-9821-43DD-B1CF-8D47E1FCC761}.AppStore|Any CPU.ActiveCfg = Release|x86
		{BDDEAD2D-9821-43DD-B1CF-8D47E1FCC761}.AppStore|Any CPU.Build.0 = Release|x86
		{BDDEAD2D-9821-43DD-B1CF-8D47E1FCC761}.AppStore|Any CPU.Deploy.0 = Release|x86
		{BDDEAD2D-9821-43DD-B1CF-8D47E1FCC761}.AppStore|ARM.ActiveCfg = Release|ARM
		{BDDEAD2D-9821-43DD-B1CF-8D47E1FCC761}.AppStore|ARM.Build.0 = Release|ARM
		{BDDEAD2D-9821-43DD-B1CF-8D47E1FCC761}.AppStore|ARM.Deploy.0 = Release|ARM
		{BDDEAD2D-9821-43DD-B1CF-8D47E1FCC761}.AppStore|iPhone.ActiveCfg = Release|x86
		{BDDEAD2D-9821-43DD-B1CF-8D47E1FCC761}.AppStore|iPhone.Build.0 = Release|x86
		{BDDEAD2D-9821-43DD-B1CF-8D47E1FCC761}.AppStore|iPhone.Deploy.0 = Release|x86
		{BDDEAD2D-9821-43DD-B1CF-8D47E1FCC761}.AppStore|iPhoneSimulator.ActiveCfg = Release|x86
		{BDDEAD2D-9821-43DD-B1CF-8D47E1FCC761}.AppStore|iPhoneSimulator.Build.0 = Release|x86
		{BDDEAD2D-9821-43DD-B1CF-8D47E1FCC761}.AppStore|iPhoneSimulator.Deploy.0 = Release|x86
		{BDDEAD2D-9821-43DD-B1CF-8D47E1FCC761}.AppStore|x64.ActiveCfg = Release|x64
		{BDDEAD2D-9821-43DD-B1CF-8D47E1FCC761}.AppStore|x64.Build.0 = Release|x64
		{BDDEAD2D-9821-43DD-B1CF-8D47E1FCC761}.AppStore|x64.Deploy.0 = Release|x64
		{BDDEAD2D-9821-43DD-B1CF-8D47E1FCC761}.AppStore|x86.ActiveCfg = Release|x86
		{BDDEAD2D-9821-43DD-B1CF-8D47E1FCC761}.AppStore|x86.Build.0 = Release|x86
		{BDDEAD2D-9821-43DD-B1CF-8D47E1FCC761}.AppStore|x86.Deploy.0 = Release|x86
		{BDDEAD2D-9821-43DD-B1CF-8D47E1FCC761}.Debug|Any CPU.ActiveCfg = Debug|x86
		{BDDEAD2D-9821-43DD-B1CF-8D47E1FCC761}.Debug|ARM.ActiveCfg = Debug|ARM
		{BDDEAD2D-9821-43DD-B1CF-8D47E1FCC761}.Debug|ARM.Build.0 = Debug|ARM
		{BDDEAD2D-9821-43DD-B1CF-8D47E1FCC761}.Debug|ARM.Deploy.0 = Debug|ARM
		{BDDEAD2D-9821-43DD-B1CF-8D47E1FCC761}.Debug|iPhone.ActiveCfg = Debug|x86
		{BDDEAD2D-9821-43DD-B1CF-8D47E1FCC761}.Debug|iPhoneSimulator.ActiveCfg = Debug|x86
		{BDDEAD2D-9821-43DD-B1CF-8D47E1FCC761}.Debug|x64.ActiveCfg = Debug|x64
		{BDDEAD2D-9821-43DD-B1CF-8D47E1FCC761}.Debug|x64.Build.0 = Debug|x64
		{BDDEAD2D-9821-43DD-B1CF-8D47E1FCC761}.Debug|x64.Deploy.0 = Debug|x64
		{BDDEAD2D-9821-43DD-B1CF-8D47E1FCC761}.Debug|x86.ActiveCfg = Debug|x86
		{BDDEAD2D-9821-43DD-B1CF-8D47E1FCC761}.Debug|x86.Build.0 = Debug|x86
		{BDDEAD2D-9821-43DD-B1CF-8D47E1FCC761}.Debug|x86.Deploy.0 = Debug|x86
		{BDDEAD2D-9821-43DD-B1CF-8D47E1FCC761}.Release|Any CPU.ActiveCfg = Release|x86
		{BDDEAD2D-9821-43DD-B1CF-8D47E1FCC761}.Release|ARM.ActiveCfg = Release|ARM
		{BDDEAD2D-9821-43DD-B1CF-8D47E1FCC761}.Release|ARM.Build.0 = Release|ARM
		{BDDEAD2D-9821-43DD-B1CF-8D47E1FCC761}.Release|ARM.Deploy.0 = Release|ARM
		{BDDEAD2D-9821-43DD-B1CF-8D47E1FCC761}.Release|iPhone.ActiveCfg = Release|x86
		{BDDEAD2D-9821-43DD-B1CF-8D47E1FCC761}.Release|iPhoneSimulator.ActiveCfg = Release|x86
		{BDDEAD2D-9821-43DD-B1CF-8D47E1FCC761}.Release|x64.ActiveCfg = Release|x64
		{BDDEAD2D-9821-43DD-B1CF-8D47E1FCC761}.Release|x64.Build.0 = Release|x64
		{BDDEAD2D-9821-43DD-B1CF-8D47E1FCC761}.Release|x64.Deploy.0 = Release|x64
		{BDDEAD2D-9821-43DD-B1CF-8D47E1FCC761}.Release|x86.ActiveCfg = Release|x86
		{BDDEAD2D-9821-43DD-B1CF-8D47E1FCC761}.Release|x86.Build.0 = Release|x86
		{BDDEAD2D-9821-43DD-B1CF-8D47E1FCC761}.Release|x86.Deploy.0 = Release|x86
		{86BE5CB1-561A-419E-9AED-C4A4B09A6082}.Ad-Hoc|Any CPU.ActiveCfg = Debug|Any CPU
		{86BE5CB1-561A-419E-9AED-C4A4B09A6082}.Ad-Hoc|Any CPU.Build.0 = Debug|Any CPU
		{86BE5CB1-561A-419E-9AED-C4A4B09A6082}.Ad-Hoc|ARM.ActiveCfg = Debug|Any CPU
		{86BE5CB1-561A-419E-9AED-C4A4B09A6082}.Ad-Hoc|ARM.Build.0 = Debug|Any CPU
		{86BE5CB1-561A-419E-9AED-C4A4B09A6082}.Ad-Hoc|iPhone.ActiveCfg = Debug|Any CPU
		{86BE5CB1-561A-419E-9AED-C4A4B09A6082}.Ad-Hoc|iPhone.Build.0 = Debug|Any CPU
		{86BE5CB1-561A-419E-9AED-C4A4B09A6082}.Ad-Hoc|iPhoneSimulator.ActiveCfg = Debug|Any CPU
		{86BE5CB1-561A-419E-9AED-C4A4B09A6082}.Ad-Hoc|iPhoneSimulator.Build.0 = Debug|Any CPU
		{86BE5CB1-561A-419E-9AED-C4A4B09A6082}.Ad-Hoc|x64.ActiveCfg = Debug|Any CPU
		{86BE5CB1-561A-419E-9AED-C4A4B09A6082}.Ad-Hoc|x64.Build.0 = Debug|Any CPU
		{86BE5CB1-561A-419E-9AED-C4A4B09A6082}.Ad-Hoc|x86.ActiveCfg = Debug|Any CPU
		{86BE5CB1-561A-419E-9AED-C4A4B09A6082}.Ad-Hoc|x86.Build.0 = Debug|Any CPU
		{86BE5CB1-561A-419E-9AED-C4A4B09A6082}.AppStore|Any CPU.ActiveCfg = Debug|Any CPU
		{86BE5CB1-561A-419E-9AED-C4A4B09A6082}.AppStore|Any CPU.Build.0 = Debug|Any CPU
		{86BE5CB1-561A-419E-9AED-C4A4B09A6082}.AppStore|ARM.ActiveCfg = Debug|Any CPU
		{86BE5CB1-561A-419E-9AED-C4A4B09A6082}.AppStore|ARM.Build.0 = Debug|Any CPU
		{86BE5CB1-561A-419E-9AED-C4A4B09A6082}.AppStore|iPhone.ActiveCfg = Debug|Any CPU
		{86BE5CB1-561A-419E-9AED-C4A4B09A6082}.AppStore|iPhone.Build.0 = Debug|Any CPU
		{86BE5CB1-561A-419E-9AED-C4A4B09A6082}.AppStore|iPhoneSimulator.ActiveCfg = Debug|Any CPU
		{86BE5CB1-561A-419E-9AED-C4A4B09A6082}.AppStore|iPhoneSimulator.Build.0 = Debug|Any CPU
		{86BE5CB1-561A-419E-9AED-C4A4B09A6082}.AppStore|x64.ActiveCfg = Debug|Any CPU
		{86BE5CB1-561A-419E-9AED-C4A4B09A6082}.AppStore|x64.Build.0 = Debug|Any CPU
		{86BE5CB1-561A-419E-9AED-C4A4B09A6082}.AppStore|x86.ActiveCfg = Debug|Any CPU
		{86BE5CB1-561A-419E-9AED-C4A4B09A6082}.AppStore|x86.Build.0 = Debug|Any CPU
		{86BE5CB1-561A-419E-9AED-C4A4B09A6082}.Debug|Any CPU.ActiveCfg = Debug|Any CPU
		{86BE5CB1-561A-419E-9AED-C4A4B09A6082}.Debug|Any CPU.Build.0 = Debug|Any CPU
		{86BE5CB1-561A-419E-9AED-C4A4B09A6082}.Debug|ARM.ActiveCfg = Debug|Any CPU
		{86BE5CB1-561A-419E-9AED-C4A4B09A6082}.Debug|ARM.Build.0 = Debug|Any CPU
		{86BE5CB1-561A-419E-9AED-C4A4B09A6082}.Debug|iPhone.ActiveCfg = Debug|Any CPU
		{86BE5CB1-561A-419E-9AED-C4A4B09A6082}.Debug|iPhone.Build.0 = Debug|Any CPU
		{86BE5CB1-561A-419E-9AED-C4A4B09A6082}.Debug|iPhoneSimulator.ActiveCfg = Debug|Any CPU
		{86BE5CB1-561A-419E-9AED-C4A4B09A6082}.Debug|iPhoneSimulator.Build.0 = Debug|Any CPU
		{86BE5CB1-561A-419E-9AED-C4A4B09A6082}.Debug|x64.ActiveCfg = Debug|Any CPU
		{86BE5CB1-561A-419E-9AED-C4A4B09A6082}.Debug|x64.Build.0 = Debug|Any CPU
		{86BE5CB1-561A-419E-9AED-C4A4B09A6082}.Debug|x86.ActiveCfg = Debug|Any CPU
		{86BE5CB1-561A-419E-9AED-C4A4B09A6082}.Debug|x86.Build.0 = Debug|Any CPU
		{86BE5CB1-561A-419E-9AED-C4A4B09A6082}.Release|Any CPU.ActiveCfg = Release|Any CPU
		{86BE5CB1-561A-419E-9AED-C4A4B09A6082}.Release|Any CPU.Build.0 = Release|Any CPU
		{86BE5CB1-561A-419E-9AED-C4A4B09A6082}.Release|ARM.ActiveCfg = Release|Any CPU
		{86BE5CB1-561A-419E-9AED-C4A4B09A6082}.Release|ARM.Build.0 = Release|Any CPU
		{86BE5CB1-561A-419E-9AED-C4A4B09A6082}.Release|iPhone.ActiveCfg = Release|Any CPU
		{86BE5CB1-561A-419E-9AED-C4A4B09A6082}.Release|iPhone.Build.0 = Release|Any CPU
		{86BE5CB1-561A-419E-9AED-C4A4B09A6082}.Release|iPhoneSimulator.ActiveCfg = Release|Any CPU
		{86BE5CB1-561A-419E-9AED-C4A4B09A6082}.Release|iPhoneSimulator.Build.0 = Release|Any CPU
		{86BE5CB1-561A-419E-9AED-C4A4B09A6082}.Release|x64.ActiveCfg = Release|Any CPU
		{86BE5CB1-561A-419E-9AED-C4A4B09A6082}.Release|x64.Build.0 = Release|Any CPU
		{86BE5CB1-561A-419E-9AED-C4A4B09A6082}.Release|x86.ActiveCfg = Release|Any CPU
		{86BE5CB1-561A-419E-9AED-C4A4B09A6082}.Release|x86.Build.0 = Release|Any CPU
	EndGlobalSection
	GlobalSection(SolutionProperties) = preSolution
		HideSolutionNode = FALSE
	EndGlobalSection
	GlobalSection(ExtensibilityGlobals) = postSolution
		SolutionGuid = {9D039744-DA38-42F1-8025-63671F689ABE}
	EndGlobalSection
EndGlobal
